github.com/germtb/gox v0.1.1 h1:fq+E9q66lJNPdQm1Il9I+ARla51jn59J1+wW6XEN4aI=
github.com/germtb/gox v0.1.1/go.mod h1:6zJKZEXUSdEcLdPhovajSxCXg9+yvlgzjT6ktf8H/tA=
github.com/germtb/gox v0.1.2 h1:Btevd0rC0bkZqs4GE+ji3uRj4Dmi7bR/xlqFUfq5s+k=
github.com/germtb/gox v0.1.2/go.mod h1:6zJKZEXUSdEcLdPhovajSxCXg9+yvlgzjT6ktf8H/tA=
